PODS:
  - HTClassHomeMainFlowLayout (0.1.0)

DEPENDENCIES:
  - HTClassHomeMainFlowLayout (from `../`)

EXTERNAL SOURCES:
  HTClassHomeMainFlowLayout:
    :path: "../"

SPEC CHECKSUMS:
  HTClassHomeMainFlowLayout: 033a0a488b9de0ca5754386b16b8d9a121c8d3b7

PODFILE CHECKSUM: 5a461abb17ed035e8d37b8b195e49defbc7ef199

COCOAPODS: 1.14.3
